// !$*UTF8*$!
{
	archiveVersion = 1;
	classes = {
	};
	objectVersion = 46;
	objects = {

/* Begin PBXBuildFile section */
		6208E4EF1EEA3CB80049880D /* SCountLabel.framework in Frameworks */ = {isa = PBXBuildFile; fileRef = 6208E4E51EEA3CB80049880D /* SCountLabel.framework */; };
		6208E4F41EEA3CB80049880D /* SCountLabelTests.swift in Sources */ = {isa = PBXBuildFile; fileRef = 6208E4F31EEA3CB80049880D /* SCountLabelTests.swift */; };
		6208E5051EEA3DB80049880D /* SCountLabel.swift in Sources */ = {isa = PBXBuildFile; fileRef = 6208E5041EEA3DB80049880D /* SCountLabel.swift */; };
		6208E5061EEA3EFC0049880D /* SCountLabel.h in Headers */ = {isa = PBXBuildFile; fileRef = 6208E5011EEA3DA40049880D /* SCountLabel.h */; settings = {ATTRIBUTES = (Public, ); }; };
/* End PBXBuildFile section */

/* Begin PBXContainerItemProxy section */
		6208E4F01EEA3CB80049880D /* PBXContainerItemProxy */ = {
			isa = PBXContainerItemProxy;
			containerPortal = 6208E4DC1EEA3CB80049880D /* Project object */;
			proxyType = 1;
			remoteGlobalIDString = 6208E4E41EEA3CB80049880D;
			remoteInfo = SCountLabel;
		};
/* End PBXContainerItemProxy section */

/* Begin PBXFileReference section */
		6208E4E51EEA3CB80049880D /* SCountLabel.framework */ = {isa = PBXFileReference; explicitFileType = wrapper.framework; includeInIndex = 0; path = SCountLabel.framework; sourceTree = BUILT_PRODUCTS_DIR; };
		6208E4EE1EEA3CB80049880D /* SCountLabelTests.xctest */ = {isa = PBXFileReference; explicitFileType = wrapper.cfbundle; includeInIndex = 0; path = SCountLabelTests.xctest; sourceTree = BUILT_PRODUCTS_DIR; };
		6208E4F31EEA3CB80049880D /* SCountLabelTests.swift */ = {isa = PBXFileReference; lastKnownFileType = sourcecode.swift; path = SCountLabelTests.swift; sourceTree = "<group>"; };
		6208E4F51EEA3CB80049880D /* Info.plist */ = {isa = PBXFileReference; lastKnownFileType = text.plist.xml; path = Info.plist; sourceTree = "<group>"; };
		6208E5001EEA3DA40049880D /* Info.plist */ = {isa = PBXFileReference; fileEncoding = 4; lastKnownFileType = text.plist.xml; path = Info.plist; sourceTree = "<group>"; };
		6208E5011EEA3DA40049880D /* SCountLabel.h */ = {isa = PBXFileReference; fileEncoding = 4; lastKnownFileType = sourcecode.c.h; path = SCountLabel.h; sourceTree = "<group>"; };
		6208E5041EEA3DB80049880D /* SCountLabel.swift */ = {isa = PBXFileReference; fileEncoding = 4; lastKnownFileType = sourcecode.swift; path = SCountLabel.swift; sourceTree = "<group>"; };
/* End PBXFileReference section */

/* Begin PBXFrameworksBuildPhase section */
		6208E4E11EEA3CB80049880D /* Frameworks */ = {
			isa = PBXFrameworksBuildPhase;
			buildActionMask = 2147483647;
			files = (
			);
			runOnlyForDeploymentPostprocessing = 0;
		};
		6208E4EB1EEA3CB80049880D /* Frameworks */ = {
			isa = PBXFrameworksBuildPhase;
			buildActionMask = 2147483647;
			files = (
				6208E4EF1EEA3CB80049880D /* SCountLabel.framework in Frameworks */,
			);
			runOnlyForDeploymentPostprocessing = 0;
		};
/* End PBXFrameworksBuildPhase section */

/* Begin PBXGroup section */
		6208E4DB1EEA3CB80049880D = {
			isa = PBXGroup;
			children = (
				6208E4FF1EEA3DA40049880D /* Sources */,
				6208E4F21EEA3CB80049880D /* SCountLabelTests */,
				6208E4E61EEA3CB80049880D /* Products */,
			);
			sourceTree = "<group>";
		};
		6208E4E61EEA3CB80049880D /* Products */ = {
			isa = PBXGroup;
			children = (
				6208E4E51EEA3CB80049880D /* SCountLabel.framework */,
				6208E4EE1EEA3CB80049880D /* SCountLabelTests.xctest */,
			);
			name = Products;
			sourceTree = "<group>";
		};
		6208E4F21EEA3CB80049880D /* SCountLabelTests */ = {
			isa = PBXGroup;
			children = (
				6208E4F31EEA3CB80049880D /* SCountLabelTests.swift */,
				6208E4F51EEA3CB80049880D /* Info.plist */,
			);
			path = SCountLabelTests;
			sourceTree = "<group>";
		};
		6208E4FF1EEA3DA40049880D /* Sources */ = {
			isa = PBXGroup;
			children = (
				6208E5001EEA3DA40049880D /* Info.plist */,
				6208E5011EEA3DA40049880D /* SCountLabel.h */,
				6208E5041EEA3DB80049880D /* SCountLabel.swift */,
			);
			path = Sources;
			sourceTree = "<group>";
		};
/* End PBXGroup section */

/* Begin PBXHeadersBuildPhase section */
		6208E4E21EEA3CB80049880D /* Headers */ = {
			isa = PBXHeadersBuildPhase;
			buildActionMask = 2147483647;
			files = (
				6208E5061EEA3EFC0049880D /* SCountLabel.h in Headers */,
			);
			runOnlyForDeploymentPostprocessing = 0;
		};
/* End PBXHeadersBuildPhase section */

/* Begin PBXNativeTarget section */
		6208E4E41EEA3CB80049880D /* SCountLabel */ = {
			isa = PBXNativeTarget;
			buildConfigurationList = 6208E4F91EEA3CB80049880D /* Build configuration list for PBXNativeTarget "SCountLabel" */;
			buildPhases = (
				6208E4E01EEA3CB80049880D /* Sources */,
				6208E4E11EEA3CB80049880D /* Frameworks */,
				6208E4E21EEA3CB80049880D /* Headers */,
				6208E4E31EEA3CB80049880D /* Resources */,
			);
			buildRules = (
			);
			dependencies = (
			);
			name = SCountLabel;
			productName = SCountLabel;
			productReference = 6208E4E51EEA3CB80049880D /* SCountLabel.framework */;
			productType = "com.apple.product-type.framework";
		};
		6208E4ED1EEA3CB80049880D /* SCountLabelTests */ = {
			isa = PBXNativeTarget;
			buildConfigurationList = 6208E4FC1EEA3CB80049880D /* Build configuration list for PBXNativeTarget "SCountLabelTests" */;
			buildPhases = (
				6208E4EA1EEA3CB80049880D /* Sources */,
				6208E4EB1EEA3CB80049880D /* Frameworks */,
				6208E4EC1EEA3CB80049880D /* Resources */,
			);
			buildRules = (
			);
			dependencies = (
				6208E4F11EEA3CB80049880D /* PBXTargetDependency */,
			);
			name = SCountLabelTests;
			productName = SCountLabelTests;
			productReference = 6208E4EE1EEA3CB80049880D /* SCountLabelTests.xctest */;
			productType = "com.apple.product-type.bundle.unit-test";
		};
/* End PBXNativeTarget section */

/* Begin PBXProject section */
		6208E4DC1EEA3CB80049880D /* Project object */ = {
			isa = PBXProject;
			attributes = {
				LastSwiftUpdateCheck = 0830;
				LastUpgradeCheck = 0830;
				ORGANIZATIONNAME = Shial;
				TargetAttributes = {
					6208E4E41EEA3CB80049880D = {
						CreatedOnToolsVersion = 8.3.3;
						DevelopmentTeam = 7Z5C7X6723;
						LastSwiftMigration = 0900;
						ProvisioningStyle = Automatic;
					};
					6208E4ED1EEA3CB80049880D = {
						CreatedOnToolsVersion = 8.3.3;
						DevelopmentTeam = 7Z5C7X6723;
						LastSwiftMigration = 0900;
						ProvisioningStyle = Automatic;
					};
				};
			};
			buildConfigurationList = 6208E4DF1EEA3CB80049880D /* Build configuration list for PBXProject "SCountLabel" */;
			compatibilityVersion = "Xcode 3.2";
			developmentRegion = English;
			hasScannedForEncodings = 0;
			knownRegions = (
				en,
			);
			mainGroup = 6208E4DB1EEA3CB80049880D;
			productRefGroup = 6208E4E61EEA3CB80049880D /* Products */;
			projectDirPath = "";
			projectRoot = "";
			targets = (
				6208E4E41EEA3CB80049880D /* SCountLabel */,
				6208E4ED1EEA3CB80049880D /* SCountLabelTests */,
			);
		};
/* End PBXProject section */

/* Begin PBXResourcesBuildPhase section */
		6208E4E31EEA3CB80049880D /* Resources */ = {
			isa = PBXResourcesBuildPhase;
			buildActionMask = 2147483647;
			files = (
			);
			runOnlyForDeploymentPostprocessing = 0;
		};
		6208E4EC1EEA3CB80049880D /* Resources */ = {
			isa = PBXResourcesBuildPhase;
			buildActionMask = 2147483647;
			files = (
			);
			runOnlyForDeploymentPostprocessing = 0;
		};
/* End PBXResourcesBuildPhase section */

/* Begin PBXSourcesBuildPhase section */
		6208E4E01EEA3CB80049880D /* Sources */ = {
			isa = PBXSourcesBuildPhase;
			buildActionMask = 2147483647;
			files = (
				6208E5051EEA3DB80049880D /* SCountLabel.swift in Sources */,
			);
			runOnlyForDeploymentPostprocessing = 0;
		};
		6208E4EA1EEA3CB80049880D /* Sources */ = {
			isa = PBXSourcesBuildPhase;
			buildActionMask = 2147483647;
			files = (
				6208E4F41EEA3CB80049880D /* SCountLabelTests.swift in Sources */,
			);
			runOnlyForDeploymentPostprocessing = 0;
		};
/* End PBXSourcesBuildPhase section */

/* Begin PBXTargetDependency section */
		6208E4F11EEA3CB80049880D /* PBXTargetDependency */ = {
			isa = PBXTargetDependency;
			target = 6208E4E41EEA3CB80049880D /* SCountLabel */;
			targetProxy = 6208E4F01EEA3CB80049880D /* PBXContainerItemProxy */;
		};
/* End PBXTargetDependency section */

/* Begin XCBuildConfiguration section */
		6208E4F71EEA3CB80049880D /* Debug */ = {
			isa = XCBuildConfiguration;
			buildSettings = {
				ALWAYS_SEARCH_USER_PATHS = NO;
				CLANG_ANALYZER_NONNULL = YES;
				CLANG_ANALYZER_NUMBER_OBJECT_CONVERSION = YES_AGGRESSIVE;
				CLANG_CXX_LANGUAGE_STANDARD = "gnu++0x";
				CLANG_CXX_LIBRARY = "libc++";
				CLANG_ENABLE_MODULES = YES;
				CLANG_ENABLE_OBJC_ARC = YES;
				CLANG_WARN_BOOL_CONVERSION = YES;
				CLANG_WARN_CONSTANT_CONVERSION = YES;
				CLANG_WARN_DIRECT_OBJC_ISA_USAGE = YES_ERROR;
				CLANG_WARN_DOCUMENTATION_COMMENTS = YES;
				CLANG_WARN_EMPTY_BODY = YES;
				CLANG_WARN_ENUM_CONVERSION = YES;
				CLANG_WARN_INFINITE_RECURSION = YES;
				CLANG_WARN_INT_CONVERSION = YES;
				CLANG_WARN_OBJC_ROOT_CLASS = YES_ERROR;
				CLANG_WARN_SUSPICIOUS_MOVE = YES;
				CLANG_WARN_UNREACHABLE_CODE = YES;
				CLANG_WARN__DUPLICATE_METHOD_MATCH = YES;
				"CODE_SIGN_IDENTITY[sdk=iphoneos*]" = "iPhone Developer";
				COPY_PHASE_STRIP = NO;
				CURRENT_PROJECT_VERSION = 1;
				DEBUG_INFORMATION_FORMAT = dwarf;
				ENABLE_STRICT_OBJC_MSGSEND = YES;
				ENABLE_TESTABILITY = YES;
				GCC_C_LANGUAGE_STANDARD = gnu99;
				GCC_DYNAMIC_NO_PIC = NO;
				GCC_NO_COMMON_BLOCKS = YES;
				GCC_OPTIMIZATION_LEVEL = 0;
				GCC_PREPROCESSOR_DEFINITIONS = (
					"DEBUG=1",
					"$(inherited)",
				);
				GCC_WARN_64_TO_32_BIT_CONVERSION = YES;
				GCC_WARN_ABOUT_RETURN_TYPE = YES_ERROR;
				GCC_WARN_UNDECLARED_SELECTOR = YES;
				GCC_WARN_UNINITIALIZED_AUTOS = YES_AGGRESSIVE;
				GCC_WARN_UNUSED_FUNCTION = YES;
				GCC_WARN_UNUSED_VARIABLE = YES;
				IPHONEOS_DEPLOYMENT_TARGET = 10.0;
				MTL_ENABLE_DEBUG_INFO = YES;
				ONLY_ACTIVE_ARCH = YES;
				SDKROOT = iphoneos;
				SWIFT_ACTIVE_COMPILATION_CONDITIONS = DEBUG;
				SWIFT_OPTIMIZATION_LEVEL = "-Onone";
				TARGETED_DEVICE_FAMILY = "1,2";
				VERSIONING_SYSTEM = "apple-generic";
				VERSION_INFO_PREFIX = "";
			};
			name = Debug;
		};
		6208E4F81EEA3CB80049880D /* Release */ = {
			isa = XCBuildConfiguration;
			buildSettings = {
				ALWAYS_SEARCH_USER_PATHS = NO;
				CLANG_ANALYZER_NONNULL = YES;
				CLANG_ANALYZER_NUMBER_OBJECT_CONVERSION = YES_AGGRESSIVE;
				CLANG_CXX_LANGUAGE_STANDARD = "gnu++0x";
				CLANG_CXX_LIBRARY = "libc++";
				CLANG_ENABLE_MODULES = YES;
				CLANG_ENABLE_OBJC_ARC = YES;
				CLANG_WARN_BOOL_CONVERSION = YES;
				CLANG_WARN_CONSTANT_CONVERSION = YES;
				CLANG_WARN_DIRECT_OBJC_ISA_USAGE = YES_ERROR;
				CLANG_WARN_DOCUMENTATION_COMMENTS = YES;
				CLANG_WARN_EMPTY_BODY = YES;
				CLANG_WARN_ENUM_CONVERSION = YES;
				CLANG_WARN_INFINITE_RECURSION = YES;
				CLANG_WARN_INT_CONVERSION = YES;
				CLANG_WARN_OBJC_ROOT_CLASS = YES_ERROR;
				CLANG_WARN_SUSPICIOUS_MOVE = YES;
				CLANG_WARN_UNREACHABLE_CODE = YES;
				CLANG_WARN__DUPLICATE_METHOD_MATCH = YES;
				"CODE_SIGN_IDENTITY[sdk=iphoneos*]" = "iPhone Developer";
				COPY_PHASE_STRIP = NO;
				CURRENT_PROJECT_VERSION = 1;
				DEBUG_INFORMATION_FORMAT = "dwarf-with-dsym";
				ENABLE_NS_ASSERTIONS = NO;
				ENABLE_STRICT_OBJC_MSGSEND = YES;
				GCC_C_LANGUAGE_STANDARD = gnu99;
				GCC_NO_COMMON_BLOCKS = YES;
				GCC_WARN_64_TO_32_BIT_CONVERSION = YES;
				GCC_WARN_ABOUT_RETURN_TYPE = YES_ERROR;
				GCC_WARN_UNDECLARED_SELECTOR = YES;
				GCC_WARN_UNINITIALIZED_AUTOS = YES_AGGRESSIVE;
				GCC_WARN_UNUSED_FUNCTION = YES;
				GCC_WARN_UNUSED_VARIABLE = YES;
				IPHONEOS_DEPLOYMENT_TARGET = 10.0;
				MTL_ENABLE_DEBUG_INFO = NO;
				SDKROOT = iphoneos;
				SWIFT_OPTIMIZATION_LEVEL = "-Owholemodule";
				TARGETED_DEVICE_FAMILY = "1,2";
				VALIDATE_PRODUCT = YES;
				VERSIONING_SYSTEM = "apple-generic";
				VERSION_INFO_PREFIX = "";
			};
			name = Release;
		};
		6208E4FA1EEA3CB80049880D /* Debug */ = {
			isa = XCBuildConfiguration;
			buildSettings = {
				CLANG_ENABLE_MODULES = YES;
				CODE_SIGN_IDENTITY = "";
				DEFINES_MODULE = YES;
				DEVELOPMENT_TEAM = 7Z5C7X6723;
				DYLIB_COMPATIBILITY_VERSION = 1;
				DYLIB_CURRENT_VERSION = 1;
				DYLIB_INSTALL_NAME_BASE = "@rpath";
				INFOPLIST_FILE = "$(SRCROOT)/Sources/Info.plist";
				INSTALL_PATH = "$(LOCAL_LIBRARY_DIR)/Frameworks";
				LD_RUNPATH_SEARCH_PATHS = "$(inherited) @executable_path/Frameworks @loader_path/Frameworks";
				PRODUCT_BUNDLE_IDENTIFIER = com.shial.scountlabel.ios.SCountLabel;
				PRODUCT_NAME = "$(TARGET_NAME)";
				SKIP_INSTALL = YES;
				SWIFT_OPTIMIZATION_LEVEL = "-Onone";
				SWIFT_SWIFT3_OBJC_INFERENCE = On;
				SWIFT_VERSION = 4.0;
			};
			name = Debug;
		};
		6208E4FB1EEA3CB80049880D /* Release */ = {
			isa = XCBuildConfiguration;
			buildSettings = {
				CLANG_ENABLE_MODULES = YES;
				CODE_SIGN_IDENTITY = "";
				DEFINES_MODULE = YES;
				DEVELOPMENT_TEAM = 7Z5C7X6723;
				DYLIB_COMPATIBILITY_VERSION = 1;
				DYLIB_CURRENT_VERSION = 1;
				DYLIB_INSTALL_NAME_BASE = "@rpath";
				INFOPLIST_FILE = "$(SRCROOT)/Sources/Info.plist";
				INSTALL_PATH = "$(LOCAL_LIBRARY_DIR)/Frameworks";
				LD_RUNPATH_SEARCH_PATHS = "$(inherited) @executable_path/Frameworks @loader_path/Frameworks";
				PRODUCT_BUNDLE_IDENTIFIER = com.shial.scountlabel.ios.SCountLabel;
				PRODUCT_NAME = "$(TARGET_NAME)";
				SKIP_INSTALL = YES;
				SWIFT_SWIFT3_OBJC_INFERENCE = On;
				SWIFT_VERSION = 4.0;
			};
			name = Release;
		};
		6208E4FD1EEA3CB80049880D /* Debug */ = {
			isa = XCBuildConfiguration;
			buildSettings = {
				ALWAYS_EMBED_SWIFT_STANDARD_LIBRARIES = YES;
				DEVELOPMENT_TEAM = 7Z5C7X6723;
				INFOPLIST_FILE = SCountLabelTests/Info.plist;
				LD_RUNPATH_SEARCH_PATHS = "$(inherited) @executable_path/Frameworks @loader_path/Frameworks";
				PRODUCT_BUNDLE_IDENTIFIER = com.shial.scountlabel.ios.SCountLabelTests;
				PRODUCT_NAME = "$(TARGET_NAME)";
				SWIFT_SWIFT3_OBJC_INFERENCE = On;
				SWIFT_VERSION = 4.0;
			};
			name = Debug;
		};
		6208E4FE1EEA3CB80049880D /* Release */ = {
			isa = XCBuildConfiguration;
			buildSettings = {
				ALWAYS_EMBED_SWIFT_STANDARD_LIBRARIES = YES;
				DEVELOPMENT_TEAM = 7Z5C7X6723;
				INFOPLIST_FILE = SCountLabelTests/Info.plist;
				LD_RUNPATH_SEARCH_PATHS = "$(inherited) @executable_path/Frameworks @loader_path/Frameworks";
				PRODUCT_BUNDLE_IDENTIFIER = com.shial.scountlabel.ios.SCountLabelTests;
				PRODUCT_NAME = "$(TARGET_NAME)";
				SWIFT_SWIFT3_OBJC_INFERENCE = On;
				SWIFT_VERSION = 4.0;
			};
			name = Release;
		};
/* End XCBuildConfiguration section */

/* Begin XCConfigurationList section */
		6208E4DF1EEA3CB80049880D /* Build configuration list for PBXProject "SCountLabel" */ = {
			isa = XCConfigurationList;
			buildConfigurations = (
				6208E4F71EEA3CB80049880D /* Debug */,
				6208E4F81EEA3CB80049880D /* Release */,
			);
			defaultConfigurationIsVisible = 0;
			defaultConfigurationName = Release;
		};
		6208E4F91EEA3CB80049880D /* Build configuration list for PBXNativeTarget "SCountLabel" */ = {
			isa = XCConfigurationList;
			buildConfigurations = (
				6208E4FA1EEA3CB80049880D /* Debug */,
				6208E4FB1EEA3CB80049880D /* Release */,
			);
			defaultConfigurationIsVisible = 0;
			defaultConfigurationName = Release;
		};
		6208E4FC1EEA3CB80049880D /* Build configuration list for PBXNativeTarget "SCountLabelTests" */ = {
			isa = XCConfigurationList;
			buildConfigurations = (
				6208E4FD1EEA3CB80049880D /* Debug */,
				6208E4FE1EEA3CB80049880D /* Release */,
			);
			defaultConfigurationIsVisible = 0;
			defaultConfigurationName = Release;
		};
/* End XCConfigurationList section */
	};
	rootObject = 6208E4DC1EEA3CB80049880D /* Project object */;
}
